
Microsoft Visual Studio Solution File, Format Version 12.00
# Visual Studio Version 16
VisualStudioVersion = 16.0.29613.14
MinimumVisualStudioVersion = 10.0.40219.1
Project("{FAE04EC0-301F-11D3-BF4B-00C04F79EFBC}") = "quote_test", "quote_test\quote_test.csproj", "{79A23CCB-9050-48C4-9F65-F81AF64ED9B0}"
EndProject
Global
	GlobalSection(SolutionConfigurationPlatforms) = preSolution
		Debug|Any CPU = Debug|Any CPU
		Release|Any CPU = Release|Any CPU
	EndGlobalSection
	GlobalSection(ProjectConfigurationPlatforms) = postSolution
		{79A23CCB-9050-48C4-9F65-F81AF64ED9B0}.Debug|Any CPU.ActiveCfg = Debug|Any CPU
		{79A23CCB-9050-48C4-9F65-F81AF64ED9B0}.Debug|Any CPU.Build.0 = Debug|Any CPU
		{79A23CCB-9050-48C4-9F65-F81AF64ED9B0}.Release|Any CPU.ActiveCfg = Release|Any CPU
		{79A23CCB-9050-48C4-9F65-F81AF64ED9B0}.Release|Any CPU.Build.0 = Release|Any CPU
	EndGlobalSection
	GlobalSection(SolutionProperties) = preSolution
		HideSolutionNode = FALSE
	EndGlobalSection
	GlobalSection(ExtensibilityGlobals) = postSolution
		SolutionGuid = {7B4043BE-2E86-46D7-BE31-5CC52124F09F}
	EndGlobalSection
EndGlobal
