
Microsoft Visual Studio Solution File, Format Version 12.00
# Visual Studio 15
VisualStudioVersion = 15.0.28307.852
MinimumVisualStudioVersion = 10.0.40219.1
Project("{FAE04EC0-301F-11D3-BF4B-00C04F79EFBC}") = "QRcode", "QRcode\QRcode.csproj", "{00CF34DE-BEAA-4F1D-8293-5ABD9E573E74}"
EndProject
Global
	GlobalSection(SolutionConfigurationPlatforms) = preSolution
		Debug|Any CPU = Debug|Any CPU
		Release|Any CPU = Release|Any CPU
	EndGlobalSection
	GlobalSection(ProjectConfigurationPlatforms) = postSolution
		{00CF34DE-BEAA-4F1D-8293-5ABD9E573E74}.Debug|Any CPU.ActiveCfg = Debug|Any CPU
		{00CF34DE-BEAA-4F1D-8293-5ABD9E573E74}.Debug|Any CPU.Build.0 = Debug|Any CPU
		{00CF34DE-BEAA-4F1D-8293-5ABD9E573E74}.Release|Any CPU.ActiveCfg = Release|Any CPU
		{00CF34DE-BEAA-4F1D-8293-5ABD9E573E74}.Release|Any CPU.Build.0 = Release|Any CPU
	EndGlobalSection
	GlobalSection(SolutionProperties) = preSolution
		HideSolutionNode = FALSE
	EndGlobalSection
	GlobalSection(ExtensibilityGlobals) = postSolution
		SolutionGuid = {5AFD881E-9A67-4A59-A42E-1A5881C67863}
	EndGlobalSection
EndGlobal
