
Microsoft Visual Studio Solution File, Format Version 12.00
# Visual Studio 2012
Project("{FAE04EC0-301F-11D3-BF4B-00C04F79EFBC}") = "BookManagement", "BookManagement\BookManagement.csproj", "{E7D57BCE-CE4E-4F14-AEFA-D0958B79B8C7}"
EndProject
Global
	GlobalSection(SolutionConfigurationPlatforms) = preSolution
		Debug|x86 = Debug|x86
		Release|x86 = Release|x86
	EndGlobalSection
	GlobalSection(ProjectConfigurationPlatforms) = postSolution
		{E7D57BCE-CE4E-4F14-AEFA-D0958B79B8C7}.Debug|x86.ActiveCfg = Debug|x86
		{E7D57BCE-CE4E-4F14-AEFA-D0958B79B8C7}.Debug|x86.Build.0 = Debug|x86
		{E7D57BCE-CE4E-4F14-AEFA-D0958B79B8C7}.Release|x86.ActiveCfg = Release|x86
		{E7D57BCE-CE4E-4F14-AEFA-D0958B79B8C7}.Release|x86.Build.0 = Release|x86
	EndGlobalSection
EndGlobal
