
Microsoft Visual Studio Solution File, Format Version 12.00
# Visual Studio 15
VisualStudioVersion = 15.0.26403.3
MinimumVisualStudioVersion = 10.0.40219.1
Project("{FAE04EC0-301F-11D3-BF4B-00C04F79EFBC}") = "15-9", "15-9\15-9.csproj", "{45996359-F3AB-4190-9EAF-222F2ABC7462}"
EndProject
Global
	GlobalSection(SolutionConfigurationPlatforms) = preSolution
		Debug|Any CPU = Debug|Any CPU
		Release|Any CPU = Release|Any CPU
	EndGlobalSection
	GlobalSection(ProjectConfigurationPlatforms) = postSolution
		{45996359-F3AB-4190-9EAF-222F2ABC7462}.Debug|Any CPU.ActiveCfg = Debug|Any CPU
		{45996359-F3AB-4190-9EAF-222F2ABC7462}.Debug|Any CPU.Build.0 = Debug|Any CPU
		{45996359-F3AB-4190-9EAF-222F2ABC7462}.Release|Any CPU.ActiveCfg = Release|Any CPU
		{45996359-F3AB-4190-9EAF-222F2ABC7462}.Release|Any CPU.Build.0 = Release|Any CPU
	EndGlobalSection
	GlobalSection(SolutionProperties) = preSolution
		HideSolutionNode = FALSE
	EndGlobalSection
EndGlobal
