
Microsoft Visual Studio Solution File, Format Version 12.00
# Visual Studio 15
VisualStudioVersion = 15.0.28307.852
MinimumVisualStudioVersion = 10.0.40219.1
Project("{FAE04EC0-301F-11D3-BF4B-00C04F79EFBC}") = "KwicObjects", "KwicObjects\KwicObjects.csproj", "{15464750-D53D-4FB0-ACC4-28CF410C76F4}"
EndProject
Project("{FAE04EC0-301F-11D3-BF4B-00C04F79EFBC}") = "KwicServer", "KwicServer\KwicServer.csproj", "{1DAA9A6F-0709-46C9-8351-1B4753D56BE8}"
EndProject
Global
	GlobalSection(SolutionConfigurationPlatforms) = preSolution
		Debug|Any CPU = Debug|Any CPU
		Release|Any CPU = Release|Any CPU
	EndGlobalSection
	GlobalSection(ProjectConfigurationPlatforms) = postSolution
		{15464750-D53D-4FB0-ACC4-28CF410C76F4}.Debug|Any CPU.ActiveCfg = Debug|Any CPU
		{15464750-D53D-4FB0-ACC4-28CF410C76F4}.Debug|Any CPU.Build.0 = Debug|Any CPU
		{15464750-D53D-4FB0-ACC4-28CF410C76F4}.Release|Any CPU.ActiveCfg = Release|Any CPU
		{15464750-D53D-4FB0-ACC4-28CF410C76F4}.Release|Any CPU.Build.0 = Release|Any CPU
		{1DAA9A6F-0709-46C9-8351-1B4753D56BE8}.Debug|Any CPU.ActiveCfg = Debug|Any CPU
		{1DAA9A6F-0709-46C9-8351-1B4753D56BE8}.Debug|Any CPU.Build.0 = Debug|Any CPU
		{1DAA9A6F-0709-46C9-8351-1B4753D56BE8}.Release|Any CPU.ActiveCfg = Release|Any CPU
		{1DAA9A6F-0709-46C9-8351-1B4753D56BE8}.Release|Any CPU.Build.0 = Release|Any CPU
	EndGlobalSection
	GlobalSection(SolutionProperties) = preSolution
		HideSolutionNode = FALSE
	EndGlobalSection
	GlobalSection(ExtensibilityGlobals) = postSolution
		SolutionGuid = {96F1CCD8-B492-4F31-BE0B-7F6CC385565B}
	EndGlobalSection
EndGlobal
