
Microsoft Visual Studio Solution File, Format Version 12.00
# Visual Studio 15
VisualStudioVersion = 15.0.28307.852
MinimumVisualStudioVersion = 10.0.40219.1
Project("{FAE04EC0-301F-11D3-BF4B-00C04F79EFBC}") = "WindowsFormsApp1", "WindowsFormsApp1\WindowsFormsApp1.csproj", "{F432652A-B37F-45FC-9E93-CEA980034498}"
EndProject
Project("{FAE04EC0-301F-11D3-BF4B-00C04F79EFBC}") = "WindowsFormsControlLibrary1", "WindowsFormsControlLibrary1\WindowsFormsControlLibrary1.csproj", "{D764D8B2-E8BD-4274-A516-8264B14349A1}"
EndProject
Global
	GlobalSection(SolutionConfigurationPlatforms) = preSolution
		Debug|Any CPU = Debug|Any CPU
		Release|Any CPU = Release|Any CPU
	EndGlobalSection
	GlobalSection(ProjectConfigurationPlatforms) = postSolution
		{F432652A-B37F-45FC-9E93-CEA980034498}.Debug|Any CPU.ActiveCfg = Debug|Any CPU
		{F432652A-B37F-45FC-9E93-CEA980034498}.Debug|Any CPU.Build.0 = Debug|Any CPU
		{F432652A-B37F-45FC-9E93-CEA980034498}.Release|Any CPU.ActiveCfg = Release|Any CPU
		{F432652A-B37F-45FC-9E93-CEA980034498}.Release|Any CPU.Build.0 = Release|Any CPU
		{D764D8B2-E8BD-4274-A516-8264B14349A1}.Debug|Any CPU.ActiveCfg = Debug|Any CPU
		{D764D8B2-E8BD-4274-A516-8264B14349A1}.Debug|Any CPU.Build.0 = Debug|Any CPU
		{D764D8B2-E8BD-4274-A516-8264B14349A1}.Release|Any CPU.ActiveCfg = Release|Any CPU
		{D764D8B2-E8BD-4274-A516-8264B14349A1}.Release|Any CPU.Build.0 = Release|Any CPU
	EndGlobalSection
	GlobalSection(SolutionProperties) = preSolution
		HideSolutionNode = FALSE
	EndGlobalSection
	GlobalSection(ExtensibilityGlobals) = postSolution
		SolutionGuid = {ECF6779D-45DC-4228-B147-D83E27C22C39}
	EndGlobalSection
EndGlobal
